PODS:
  - tealium-swift/Collect (2.6.0):
    - tealium-swift/Core
  - tealium-swift/Core (2.6.0)
  - tealium-swift/Lifecycle (2.6.0):
    - tealium-swift/Core
  - tealium-swift/RemoteCommands (2.6.0):
    - tealium-swift/Core
  - tealium-swift/TagManagement (2.6.0):
    - tealium-swift/Core
  - tealium-swift/VisitorService (2.6.0):
    - tealium-swift/Core
  - TealiumWrapperCocoapods (0.1.0):
    - tealium-swift/Collect (~> 2.6)
    - tealium-swift/Core (~> 2.6)
    - tealium-swift/Lifecycle (~> 2.6)
    - tealium-swift/RemoteCommands (~> 2.6)
    - tealium-swift/TagManagement (~> 2.6)
    - tealium-swift/VisitorService (~> 2.6)

DEPENDENCIES:
  - TealiumWrapperCocoapods (from `../`)

SPEC REPOS:
  trunk:
    - tealium-swift

EXTERNAL SOURCES:
  TealiumWrapperCocoapods:
    :path: "../"

SPEC CHECKSUMS:
  tealium-swift: c21a759ea9ee5c382912b45e57edb9b9aa816ee5
  TealiumWrapperCocoapods: 9c67ceb8194dea1d5faedb9d5fd987c00d98b4d8

PODFILE CHECKSUM: 931d27f28471366fd109054bbafc9ca0e2790d11

COCOAPODS: 1.10.1
