PODS:
  - tealium-swift/Collect (2.9.1):
    - tealium-swift/Core
  - tealium-swift/Core (2.9.1)
  - tealium-swift/Lifecycle (2.9.1):
    - tealium-swift/Core
  - tealium-swift/RemoteCommands (2.9.1):
    - tealium-swift/Core
  - tealium-swift/TagManagement (2.9.1):
    - tealium-swift/Core
  - tealium-swift/VisitorService (2.9.1):
    - tealium-swift/Core
  - TealiumWrapperCocoapods (0.1.0):
    - tealium-swift/Collect (~> 2.9)
    - tealium-swift/Core (~> 2.9)
    - tealium-swift/Lifecycle (~> 2.9)
    - tealium-swift/RemoteCommands (~> 2.9)
    - tealium-swift/TagManagement (~> 2.9)
    - tealium-swift/VisitorService (~> 2.9)

DEPENDENCIES:
  - TealiumWrapperCocoapods (from `../`)

SPEC REPOS:
  trunk:
    - tealium-swift

EXTERNAL SOURCES:
  TealiumWrapperCocoapods:
    :path: "../"

SPEC CHECKSUMS:
  tealium-swift: 137769254e97d4c9f7ed6e16e0768b40888e6452
  TealiumWrapperCocoapods: 59c230c6765cafb211b53aff5a90bca41d786cb4

PODFILE CHECKSUM: 6800a209572ea02ecb7c072207c80a86f29098e5

COCOAPODS: 1.11.3
