PODS:
  - tealium-swift/Collect (2.6.5):
    - tealium-swift/Core
  - tealium-swift/Core (2.6.5)
  - tealium-swift/Lifecycle (2.6.5):
    - tealium-swift/Core
  - tealium-swift/RemoteCommands (2.6.5):
    - tealium-swift/Core
  - tealium-swift/TagManagement (2.6.5):
    - tealium-swift/Core
  - tealium-swift/VisitorService (2.6.5):
    - tealium-swift/Core
  - TealiumWrapperCocoapods (0.1.0):
    - tealium-swift/Collect (~> 2.6)
    - tealium-swift/Core (~> 2.6)
    - tealium-swift/Lifecycle (~> 2.6)
    - tealium-swift/RemoteCommands (~> 2.6)
    - tealium-swift/TagManagement (~> 2.6)
    - tealium-swift/VisitorService (~> 2.6)

DEPENDENCIES:
  - TealiumWrapperCocoapods (from `../`)

SPEC REPOS:
  trunk:
    - tealium-swift

EXTERNAL SOURCES:
  TealiumWrapperCocoapods:
    :path: "../"

SPEC CHECKSUMS:
  tealium-swift: 1e06aa9071e84086360d407dc4687906dd759542
  TealiumWrapperCocoapods: 9c67ceb8194dea1d5faedb9d5fd987c00d98b4d8

PODFILE CHECKSUM: 6800a209572ea02ecb7c072207c80a86f29098e5

COCOAPODS: 1.11.2
